
Microsoft Visual Studio Solution File, Format Version 12.00
# Visual Studio Version 17
VisualStudioVersion = 17.0.31903.59
MinimumVisualStudioVersion = 10.0.40219.1
Project("{2150E333-8FDC-42A3-9474-1A3956D46DE8}") = "src", "src", "{827E0CD3-B72D-47B6-A68D-7590B98EB39B}"
EndProject
Project("{FAE04EC0-301F-11D3-BF4B-00C04F79EFBC}") = "PSPad.Domain", "src\PSPad.Domain\PSPad.Domain.csproj", "{B17C37B0-9067-49F1-A19B-02527EF967DE}"
EndProject
Project("{FAE04EC0-301F-11D3-BF4B-00C04F79EFBC}") = "PSPad.Contracts", "src\PSPad.Contracts\PSPad.Contracts.csproj", "{0699C970-EE5E-4EB3-99AD-390C2FDA5C2C}"
EndProject
Project("{FAE04EC0-301F-11D3-BF4B-00C04F79EFBC}") = "PSPad.Server", "src\PSPad.Server\PSPad.Server.csproj", "{E40D16B7-C579-447B-BBC4-0FC7104D3E05}"
EndProject
Project("{2150E333-8FDC-42A3-9474-1A3956D46DE8}") = "test", "test", "{0C88DD14-F956-CE84-757C-A364CCF449FC}"
EndProject
Project("{FAE04EC0-301F-11D3-BF4B-00C04F79EFBC}") = "PSPad.Domain.Tests", "test\PSPad.Domain.Tests\PSPad.Domain.Tests.csproj", "{11D507CF-A647-4737-B385-98B2D5744A3A}"
EndProject
Project("{FAE04EC0-301F-11D3-BF4B-00C04F79EFBC}") = "PSPad.TestInfrastructure", "test\PSPad.TestInfrastructure\PSPad.TestInfrastructure.csproj", "{A06CC4FC-D9BF-40C4-8C7D-E80AC4AF45E2}"
EndProject
Project("{FAE04EC0-301F-11D3-BF4B-00C04F79EFBC}") = "PSPad.Server.Tests", "test\PSPad.Server.Tests\PSPad.Server.Tests.csproj", "{5B206E39-72A2-4921-B4FF-09BDE218C7B1}"
EndProject
Global
	GlobalSection(SolutionConfigurationPlatforms) = preSolution
		Debug|Any CPU = Debug|Any CPU
		Debug|x64 = Debug|x64
		Debug|x86 = Debug|x86
		Release|Any CPU = Release|Any CPU
		Release|x64 = Release|x64
		Release|x86 = Release|x86
	EndGlobalSection
	GlobalSection(ProjectConfigurationPlatforms) = postSolution
		{B17C37B0-9067-49F1-A19B-02527EF967DE}.Debug|Any CPU.ActiveCfg = Debug|Any CPU
		{B17C37B0-9067-49F1-A19B-02527EF967DE}.Debug|Any CPU.Build.0 = Debug|Any CPU
		{B17C37B0-9067-49F1-A19B-02527EF967DE}.Debug|x64.ActiveCfg = Debug|Any CPU
		{B17C37B0-9067-49F1-A19B-02527EF967DE}.Debug|x64.Build.0 = Debug|Any CPU
		{B17C37B0-9067-49F1-A19B-02527EF967DE}.Debug|x86.ActiveCfg = Debug|Any CPU
		{B17C37B0-9067-49F1-A19B-02527EF967DE}.Debug|x86.Build.0 = Debug|Any CPU
		{B17C37B0-9067-49F1-A19B-02527EF967DE}.Release|Any CPU.ActiveCfg = Release|Any CPU
		{B17C37B0-9067-49F1-A19B-02527EF967DE}.Release|Any CPU.Build.0 = Release|Any CPU
		{B17C37B0-9067-49F1-A19B-02527EF967DE}.Release|x64.ActiveCfg = Release|Any CPU
		{B17C37B0-9067-49F1-A19B-02527EF967DE}.Release|x64.Build.0 = Release|Any CPU
		{B17C37B0-9067-49F1-A19B-02527EF967DE}.Release|x86.ActiveCfg = Release|Any CPU
		{B17C37B0-9067-49F1-A19B-02527EF967DE}.Release|x86.Build.0 = Release|Any CPU
		{0699C970-EE5E-4EB3-99AD-390C2FDA5C2C}.Debug|Any CPU.ActiveCfg = Debug|Any CPU
		{0699C970-EE5E-4EB3-99AD-390C2FDA5C2C}.Debug|Any CPU.Build.0 = Debug|Any CPU
		{0699C970-EE5E-4EB3-99AD-390C2FDA5C2C}.Debug|x64.ActiveCfg = Debug|Any CPU
		{0699C970-EE5E-4EB3-99AD-390C2FDA5C2C}.Debug|x64.Build.0 = Debug|Any CPU
		{0699C970-EE5E-4EB3-99AD-390C2FDA5C2C}.Debug|x86.ActiveCfg = Debug|Any CPU
		{0699C970-EE5E-4EB3-99AD-390C2FDA5C2C}.Debug|x86.Build.0 = Debug|Any CPU
		{0699C970-EE5E-4EB3-99AD-390C2FDA5C2C}.Release|Any CPU.ActiveCfg = Release|Any CPU
		{0699C970-EE5E-4EB3-99AD-390C2FDA5C2C}.Release|Any CPU.Build.0 = Release|Any CPU
		{0699C970-EE5E-4EB3-99AD-390C2FDA5C2C}.Release|x64.ActiveCfg = Release|Any CPU
		{0699C970-EE5E-4EB3-99AD-390C2FDA5C2C}.Release|x64.Build.0 = Release|Any CPU
		{0699C970-EE5E-4EB3-99AD-390C2FDA5C2C}.Release|x86.ActiveCfg = Release|Any CPU
		{0699C970-EE5E-4EB3-99AD-390C2FDA5C2C}.Release|x86.Build.0 = Release|Any CPU
		{E40D16B7-C579-447B-BBC4-0FC7104D3E05}.Debug|Any CPU.ActiveCfg = Debug|Any CPU
		{E40D16B7-C579-447B-BBC4-0FC7104D3E05}.Debug|Any CPU.Build.0 = Debug|Any CPU
		{E40D16B7-C579-447B-BBC4-0FC7104D3E05}.Debug|x64.ActiveCfg = Debug|Any CPU
		{E40D16B7-C579-447B-BBC4-0FC7104D3E05}.Debug|x64.Build.0 = Debug|Any CPU
		{E40D16B7-C579-447B-BBC4-0FC7104D3E05}.Debug|x86.ActiveCfg = Debug|Any CPU
		{E40D16B7-C579-447B-BBC4-0FC7104D3E05}.Debug|x86.Build.0 = Debug|Any CPU
		{E40D16B7-C579-447B-BBC4-0FC7104D3E05}.Release|Any CPU.ActiveCfg = Release|Any CPU
		{E40D16B7-C579-447B-BBC4-0FC7104D3E05}.Release|Any CPU.Build.0 = Release|Any CPU
		{E40D16B7-C579-447B-BBC4-0FC7104D3E05}.Release|x64.ActiveCfg = Release|Any CPU
		{E40D16B7-C579-447B-BBC4-0FC7104D3E05}.Release|x64.Build.0 = Release|Any CPU
		{E40D16B7-C579-447B-BBC4-0FC7104D3E05}.Release|x86.ActiveCfg = Release|Any CPU
		{E40D16B7-C579-447B-BBC4-0FC7104D3E05}.Release|x86.Build.0 = Release|Any CPU
		{11D507CF-A647-4737-B385-98B2D5744A3A}.Debug|Any CPU.ActiveCfg = Debug|Any CPU
		{11D507CF-A647-4737-B385-98B2D5744A3A}.Debug|Any CPU.Build.0 = Debug|Any CPU
		{11D507CF-A647-4737-B385-98B2D5744A3A}.Debug|x64.ActiveCfg = Debug|Any CPU
		{11D507CF-A647-4737-B385-98B2D5744A3A}.Debug|x64.Build.0 = Debug|Any CPU
		{11D507CF-A647-4737-B385-98B2D5744A3A}.Debug|x86.ActiveCfg = Debug|Any CPU
		{11D507CF-A647-4737-B385-98B2D5744A3A}.Debug|x86.Build.0 = Debug|Any CPU
		{11D507CF-A647-4737-B385-98B2D5744A3A}.Release|Any CPU.ActiveCfg = Release|Any CPU
		{11D507CF-A647-4737-B385-98B2D5744A3A}.Release|Any CPU.Build.0 = Release|Any CPU
		{11D507CF-A647-4737-B385-98B2D5744A3A}.Release|x64.ActiveCfg = Release|Any CPU
		{11D507CF-A647-4737-B385-98B2D5744A3A}.Release|x64.Build.0 = Release|Any CPU
		{11D507CF-A647-4737-B385-98B2D5744A3A}.Release|x86.ActiveCfg = Release|Any CPU
		{11D507CF-A647-4737-B385-98B2D5744A3A}.Release|x86.Build.0 = Release|Any CPU
		{A06CC4FC-D9BF-40C4-8C7D-E80AC4AF45E2}.Debug|Any CPU.ActiveCfg = Debug|Any CPU
		{A06CC4FC-D9BF-40C4-8C7D-E80AC4AF45E2}.Debug|Any CPU.Build.0 = Debug|Any CPU
		{A06CC4FC-D9BF-40C4-8C7D-E80AC4AF45E2}.Debug|x64.ActiveCfg = Debug|Any CPU
		{A06CC4FC-D9BF-40C4-8C7D-E80AC4AF45E2}.Debug|x64.Build.0 = Debug|Any CPU
		{A06CC4FC-D9BF-40C4-8C7D-E80AC4AF45E2}.Debug|x86.ActiveCfg = Debug|Any CPU
		{A06CC4FC-D9BF-40C4-8C7D-E80AC4AF45E2}.Debug|x86.Build.0 = Debug|Any CPU
		{A06CC4FC-D9BF-40C4-8C7D-E80AC4AF45E2}.Release|Any CPU.ActiveCfg = Release|Any CPU
		{A06CC4FC-D9BF-40C4-8C7D-E80AC4AF45E2}.Release|Any CPU.Build.0 = Release|Any CPU
		{A06CC4FC-D9BF-40C4-8C7D-E80AC4AF45E2}.Release|x64.ActiveCfg = Release|Any CPU
		{A06CC4FC-D9BF-40C4-8C7D-E80AC4AF45E2}.Release|x64.Build.0 = Release|Any CPU
		{A06CC4FC-D9BF-40C4-8C7D-E80AC4AF45E2}.Release|x86.ActiveCfg = Release|Any CPU
		{A06CC4FC-D9BF-40C4-8C7D-E80AC4AF45E2}.Release|x86.Build.0 = Release|Any CPU
		{5B206E39-72A2-4921-B4FF-09BDE218C7B1}.Debug|Any CPU.ActiveCfg = Debug|Any CPU
		{5B206E39-72A2-4921-B4FF-09BDE218C7B1}.Debug|Any CPU.Build.0 = Debug|Any CPU
		{5B206E39-72A2-4921-B4FF-09BDE218C7B1}.Debug|x64.ActiveCfg = Debug|Any CPU
		{5B206E39-72A2-4921-B4FF-09BDE218C7B1}.Debug|x64.Build.0 = Debug|Any CPU
		{5B206E39-72A2-4921-B4FF-09BDE218C7B1}.Debug|x86.ActiveCfg = Debug|Any CPU
		{5B206E39-72A2-4921-B4FF-09BDE218C7B1}.Debug|x86.Build.0 = Debug|Any CPU
		{5B206E39-72A2-4921-B4FF-09BDE218C7B1}.Release|Any CPU.ActiveCfg = Release|Any CPU
		{5B206E39-72A2-4921-B4FF-09BDE218C7B1}.Release|Any CPU.Build.0 = Release|Any CPU
		{5B206E39-72A2-4921-B4FF-09BDE218C7B1}.Release|x64.ActiveCfg = Release|Any CPU
		{5B206E39-72A2-4921-B4FF-09BDE218C7B1}.Release|x64.Build.0 = Release|Any CPU
		{5B206E39-72A2-4921-B4FF-09BDE218C7B1}.Release|x86.ActiveCfg = Release|Any CPU
		{5B206E39-72A2-4921-B4FF-09BDE218C7B1}.Release|x86.Build.0 = Release|Any CPU
	EndGlobalSection
	GlobalSection(SolutionProperties) = preSolution
		HideSolutionNode = FALSE
	EndGlobalSection
	GlobalSection(NestedProjects) = preSolution
		{B17C37B0-9067-49F1-A19B-02527EF967DE} = {827E0CD3-B72D-47B6-A68D-7590B98EB39B}
		{0699C970-EE5E-4EB3-99AD-390C2FDA5C2C} = {827E0CD3-B72D-47B6-A68D-7590B98EB39B}
		{E40D16B7-C579-447B-BBC4-0FC7104D3E05} = {827E0CD3-B72D-47B6-A68D-7590B98EB39B}
		{11D507CF-A647-4737-B385-98B2D5744A3A} = {0C88DD14-F956-CE84-757C-A364CCF449FC}
		{A06CC4FC-D9BF-40C4-8C7D-E80AC4AF45E2} = {0C88DD14-F956-CE84-757C-A364CCF449FC}
		{5B206E39-72A2-4921-B4FF-09BDE218C7B1} = {0C88DD14-F956-CE84-757C-A364CCF449FC}
	EndGlobalSection
EndGlobal
