<Solution>
  <Folder Name="/src/">
    <Project Path="src/PSPad.Api/PSPad.Api.csproj" />
  </Folder>
  <Folder Name="/src/shared/">
    <Project Path="src/shared/PSPad.Abstractions/PSPad.Abstractions.csproj" />
    <Project Path="src/shared/PSPad.Contracts/PSPad.Contracts.csproj" />
    <Project Path="src/shared/PSPad.Infrastructure/PSPad.Infrastructure.csproj" />
  </Folder>
  <Folder Name="/src/modules/">
    <Project Path="src/modules/PSPad.Module.Tasks/PSPad.Module.Tasks.csproj" />
    <Project Path="src/modules/PSPad.Module.History/PSPad.Module.History.csproj" />
    <Project Path="src/modules/PSPad.Module.Identity/PSPad.Module.Identity.csproj" />
  </Folder>
  <Folder Name="/test/">
    <Project Path="test/PSPad.TestInfrastructure/PSPad.TestInfrastructure.csproj" />
    <Project Path="test/PSPad.Module.Tasks.Tests/PSPad.Module.Tasks.Tests.csproj" />
    <Project Path="test/PSPad.Module.Identity.Tests/PSPad.Module.Identity.Tests.csproj" />
    <Project Path="test/PSPad.Module.History.Tests/PSPad.Module.History.Tests.csproj" />
    <Project Path="test/PSPad.Api.Tests/PSPad.Api.Tests.csproj" />
  </Folder>
</Solution>
